
Microsoft Visual Studio Solution File, Format Version 12.00
# Visual Studio 14
VisualStudioVersion = 14.0.25420.1
MinimumVisualStudioVersion = 10.0.40219.1
Project("{2150E333-8FDC-42A3-9474-1A3956D46DE8}") = "src", "src", "{064C6D8E-F00E-4CB7-8408-377D05A9D310}"
EndProject
Project("{2150E333-8FDC-42A3-9474-1A3956D46DE8}") = "Solution Items", "Solution Items", "{E9968A7E-8FD0-4BB5-ADD3-895A06A1C14A}"
	ProjectSection(SolutionItems) = preProject
		global.json = global.json
	EndProjectSection
EndProject
Project("{8BB2217D-0F2D-49D1-97BC-3654ED321F3B}") = "SportShop", "src\SportShop\SportShop.xproj", "{CFE8CA76-A726-4589-B0E6-78912A8ADCA0}"
EndProject
Global
	GlobalSection(SolutionConfigurationPlatforms) = preSolution
		Debug|Any CPU = Debug|Any CPU
		Release|Any CPU = Release|Any CPU
	EndGlobalSection
	GlobalSection(ProjectConfigurationPlatforms) = postSolution
		{CFE8CA76-A726-4589-B0E6-78912A8ADCA0}.Debug|Any CPU.ActiveCfg = Debug|Any CPU
		{CFE8CA76-A726-4589-B0E6-78912A8ADCA0}.Debug|Any CPU.Build.0 = Debug|Any CPU
		{CFE8CA76-A726-4589-B0E6-78912A8ADCA0}.Release|Any CPU.ActiveCfg = Release|Any CPU
		{CFE8CA76-A726-4589-B0E6-78912A8ADCA0}.Release|Any CPU.Build.0 = Release|Any CPU
	EndGlobalSection
	GlobalSection(SolutionProperties) = preSolution
		HideSolutionNode = FALSE
	EndGlobalSection
	GlobalSection(NestedProjects) = preSolution
		{CFE8CA76-A726-4589-B0E6-78912A8ADCA0} = {064C6D8E-F00E-4CB7-8408-377D05A9D310}
	EndGlobalSection
EndGlobal
